
Microsoft Visual Studio Solution File, Format Version 12.00
# Visual Studio Version 17
VisualStudioVersion = 17.1.32407.343
MinimumVisualStudioVersion = 10.0.40219.1
Project("{FAE04EC0-301F-11D3-BF4B-00C04F79EFBC}") = "EternityRadioApp.UWP", "EternityRadioApp\EternityRadioApp.UWP\EternityRadioApp.UWP.csproj", "{ACC3B38E-B8CF-49AE-939B-62240C7B62B5}"
EndProject
Project("{FAE04EC0-301F-11D3-BF4B-00C04F79EFBC}") = "EternityRadioApp.Android", "EternityRadioApp\EternityRadioApp.Android\EternityRadioApp.Android.csproj", "{238AF7B6-AEB4-4BBC-9D8F-77BF9A997203}"
EndProject
Project("{FAE04EC0-301F-11D3-BF4B-00C04F79EFBC}") = "EternityRadioApp.iOS", "EternityRadioApp\EternityRadioApp.iOS\EternityRadioApp.iOS.csproj", "{45C22AD3-0633-4A84-BCA3-4AC35ADF827D}"
EndProject
Project("{9A19103F-16F7-4668-BE54-9A1E7A4F7556}") = "EternityRadioApp", "EternityRadioApp\EternityRadioApp\EternityRadioApp.csproj", "{B55927DE-4488-430E-A654-B5504B80CD5A}"
EndProject
Project("{9A19103F-16F7-4668-BE54-9A1E7A4F7556}") = "MediaManager", "EternityRadioApp\MediaManager\MediaManager.csproj", "{0FB75C70-813B-4644-A363-FBB4404F15C9}"
EndProject
Project("{9A19103F-16F7-4668-BE54-9A1E7A4F7556}") = "MediaManager.Forms", "EternityRadioApp\MediaManager.Forms\MediaManager.Forms.csproj", "{A261203E-CD72-4F1F-A08D-D45D3B2FE865}"
EndProject
Project("{2150E333-8FDC-42A3-9474-1A3956D46DE8}") = "Solution Items", "Solution Items", "{68886291-EF48-4ED2-BECC-9B83F00EADC1}"
	ProjectSection(SolutionItems) = preProject
		Directory.Build.props = Directory.Build.props
		Directory.Build.targets = Directory.Build.targets
	EndProjectSection
EndProject
Global
	GlobalSection(SolutionConfigurationPlatforms) = preSolution
		Debug|Any CPU = Debug|Any CPU
		Debug|ARM = Debug|ARM
		Debug|iPhone = Debug|iPhone
		Debug|iPhoneSimulator = Debug|iPhoneSimulator
		Debug|x64 = Debug|x64
		Debug|x86 = Debug|x86
		Release|Any CPU = Release|Any CPU
		Release|ARM = Release|ARM
		Release|iPhone = Release|iPhone
		Release|iPhoneSimulator = Release|iPhoneSimulator
		Release|x64 = Release|x64
		Release|x86 = Release|x86
	EndGlobalSection
	GlobalSection(ProjectConfigurationPlatforms) = postSolution
		{ACC3B38E-B8CF-49AE-939B-62240C7B62B5}.Debug|Any CPU.ActiveCfg = Debug|x64
		{ACC3B38E-B8CF-49AE-939B-62240C7B62B5}.Debug|Any CPU.Build.0 = Debug|x64
		{ACC3B38E-B8CF-49AE-939B-62240C7B62B5}.Debug|Any CPU.Deploy.0 = Debug|x64
		{ACC3B38E-B8CF-49AE-939B-62240C7B62B5}.Debug|ARM.ActiveCfg = Debug|ARM
		{ACC3B38E-B8CF-49AE-939B-62240C7B62B5}.Debug|ARM.Build.0 = Debug|ARM
		{ACC3B38E-B8CF-49AE-939B-62240C7B62B5}.Debug|ARM.Deploy.0 = Debug|ARM
		{ACC3B38E-B8CF-49AE-939B-62240C7B62B5}.Debug|iPhone.ActiveCfg = Debug|x64
		{ACC3B38E-B8CF-49AE-939B-62240C7B62B5}.Debug|iPhone.Build.0 = Debug|x64
		{ACC3B38E-B8CF-49AE-939B-62240C7B62B5}.Debug|iPhone.Deploy.0 = Debug|x64
		{ACC3B38E-B8CF-49AE-939B-62240C7B62B5}.Debug|iPhoneSimulator.ActiveCfg = Debug|x64
		{ACC3B38E-B8CF-49AE-939B-62240C7B62B5}.Debug|iPhoneSimulator.Build.0 = Debug|x64
		{ACC3B38E-B8CF-49AE-939B-62240C7B62B5}.Debug|iPhoneSimulator.Deploy.0 = Debug|x64
		{ACC3B38E-B8CF-49AE-939B-62240C7B62B5}.Debug|x64.ActiveCfg = Debug|x64
		{ACC3B38E-B8CF-49AE-939B-62240C7B62B5}.Debug|x64.Build.0 = Debug|x64
		{ACC3B38E-B8CF-49AE-939B-62240C7B62B5}.Debug|x64.Deploy.0 = Debug|x64
		{ACC3B38E-B8CF-49AE-939B-62240C7B62B5}.Debug|x86.ActiveCfg = Debug|x86
		{ACC3B38E-B8CF-49AE-939B-62240C7B62B5}.Debug|x86.Build.0 = Debug|x86
		{ACC3B38E-B8CF-49AE-939B-62240C7B62B5}.Debug|x86.Deploy.0 = Debug|x86
		{ACC3B38E-B8CF-49AE-939B-62240C7B62B5}.Release|Any CPU.ActiveCfg = Release|x64
		{ACC3B38E-B8CF-49AE-939B-62240C7B62B5}.Release|Any CPU.Build.0 = Release|x64
		{ACC3B38E-B8CF-49AE-939B-62240C7B62B5}.Release|Any CPU.Deploy.0 = Release|x64
		{ACC3B38E-B8CF-49AE-939B-62240C7B62B5}.Release|ARM.ActiveCfg = Release|ARM
		{ACC3B38E-B8CF-49AE-939B-62240C7B62B5}.Release|ARM.Build.0 = Release|ARM
		{ACC3B38E-B8CF-49AE-939B-62240C7B62B5}.Release|ARM.Deploy.0 = Release|ARM
		{ACC3B38E-B8CF-49AE-939B-62240C7B62B5}.Release|iPhone.ActiveCfg = Release|x64
		{ACC3B38E-B8CF-49AE-939B-62240C7B62B5}.Release|iPhone.Build.0 = Release|x64
		{ACC3B38E-B8CF-49AE-939B-62240C7B62B5}.Release|iPhone.Deploy.0 = Release|x64
		{ACC3B38E-B8CF-49AE-939B-62240C7B62B5}.Release|iPhoneSimulator.ActiveCfg = Release|x64
		{ACC3B38E-B8CF-49AE-939B-62240C7B62B5}.Release|iPhoneSimulator.Build.0 = Release|x64
		{ACC3B38E-B8CF-49AE-939B-62240C7B62B5}.Release|iPhoneSimulator.Deploy.0 = Release|x64
		{ACC3B38E-B8CF-49AE-939B-62240C7B62B5}.Release|x64.ActiveCfg = Release|x64
		{ACC3B38E-B8CF-49AE-939B-62240C7B62B5}.Release|x64.Build.0 = Release|x64
		{ACC3B38E-B8CF-49AE-939B-62240C7B62B5}.Release|x64.Deploy.0 = Release|x64
		{ACC3B38E-B8CF-49AE-939B-62240C7B62B5}.Release|x86.ActiveCfg = Release|x86
		{ACC3B38E-B8CF-49AE-939B-62240C7B62B5}.Release|x86.Build.0 = Release|x86
		{ACC3B38E-B8CF-49AE-939B-62240C7B62B5}.Release|x86.Deploy.0 = Release|x86
		{238AF7B6-AEB4-4BBC-9D8F-77BF9A997203}.Debug|Any CPU.ActiveCfg = Debug|Any CPU
		{238AF7B6-AEB4-4BBC-9D8F-77BF9A997203}.Debug|Any CPU.Build.0 = Debug|Any CPU
		{238AF7B6-AEB4-4BBC-9D8F-77BF9A997203}.Debug|Any CPU.Deploy.0 = Debug|Any CPU
		{238AF7B6-AEB4-4BBC-9D8F-77BF9A997203}.Debug|ARM.ActiveCfg = Debug|Any CPU
		{238AF7B6-AEB4-4BBC-9D8F-77BF9A997203}.Debug|ARM.Build.0 = Debug|Any CPU
		{238AF7B6-AEB4-4BBC-9D8F-77BF9A997203}.Debug|ARM.Deploy.0 = Debug|Any CPU
		{238AF7B6-AEB4-4BBC-9D8F-77BF9A997203}.Debug|iPhone.ActiveCfg = Debug|Any CPU
		{238AF7B6-AEB4-4BBC-9D8F-77BF9A997203}.Debug|iPhone.Build.0 = Debug|Any CPU
		{238AF7B6-AEB4-4BBC-9D8F-77BF9A997203}.Debug|iPhone.Deploy.0 = Debug|Any CPU
		{238AF7B6-AEB4-4BBC-9D8F-77BF9A997203}.Debug|iPhoneSimulator.ActiveCfg = Debug|Any CPU
		{238AF7B6-AEB4-4BBC-9D8F-77BF9A997203}.Debug|iPhoneSimulator.Build.0 = Debug|Any CPU
		{238AF7B6-AEB4-4BBC-9D8F-77BF9A997203}.Debug|iPhoneSimulator.Deploy.0 = Debug|Any CPU
		{238AF7B6-AEB4-4BBC-9D8F-77BF9A997203}.Debug|x64.ActiveCfg = Debug|Any CPU
		{238AF7B6-AEB4-4BBC-9D8F-77BF9A997203}.Debug|x64.Build.0 = Debug|Any CPU
		{238AF7B6-AEB4-4BBC-9D8F-77BF9A997203}.Debug|x64.Deploy.0 = Debug|Any CPU
		{238AF7B6-AEB4-4BBC-9D8F-77BF9A997203}.Debug|x86.ActiveCfg = Debug|Any CPU
		{238AF7B6-AEB4-4BBC-9D8F-77BF9A997203}.Debug|x86.Build.0 = Debug|Any CPU
		{238AF7B6-AEB4-4BBC-9D8F-77BF9A997203}.Debug|x86.Deploy.0 = Debug|Any CPU
		{238AF7B6-AEB4-4BBC-9D8F-77BF9A997203}.Release|Any CPU.ActiveCfg = Release|Any CPU
		{238AF7B6-AEB4-4BBC-9D8F-77BF9A997203}.Release|Any CPU.Build.0 = Release|Any CPU
		{238AF7B6-AEB4-4BBC-9D8F-77BF9A997203}.Release|Any CPU.Deploy.0 = Release|Any CPU
		{238AF7B6-AEB4-4BBC-9D8F-77BF9A997203}.Release|ARM.ActiveCfg = Release|Any CPU
		{238AF7B6-AEB4-4BBC-9D8F-77BF9A997203}.Release|ARM.Build.0 = Release|Any CPU
		{238AF7B6-AEB4-4BBC-9D8F-77BF9A997203}.Release|ARM.Deploy.0 = Release|Any CPU
		{238AF7B6-AEB4-4BBC-9D8F-77BF9A997203}.Release|iPhone.ActiveCfg = Release|Any CPU
		{238AF7B6-AEB4-4BBC-9D8F-77BF9A997203}.Release|iPhone.Build.0 = Release|Any CPU
		{238AF7B6-AEB4-4BBC-9D8F-77BF9A997203}.Release|iPhone.Deploy.0 = Release|Any CPU
		{238AF7B6-AEB4-4BBC-9D8F-77BF9A997203}.Release|iPhoneSimulator.ActiveCfg = Release|Any CPU
		{238AF7B6-AEB4-4BBC-9D8F-77BF9A997203}.Release|iPhoneSimulator.Build.0 = Release|Any CPU
		{238AF7B6-AEB4-4BBC-9D8F-77BF9A997203}.Release|iPhoneSimulator.Deploy.0 = Release|Any CPU
		{238AF7B6-AEB4-4BBC-9D8F-77BF9A997203}.Release|x64.ActiveCfg = Release|Any CPU
		{238AF7B6-AEB4-4BBC-9D8F-77BF9A997203}.Release|x64.Build.0 = Release|Any CPU
		{238AF7B6-AEB4-4BBC-9D8F-77BF9A997203}.Release|x64.Deploy.0 = Release|Any CPU
		{238AF7B6-AEB4-4BBC-9D8F-77BF9A997203}.Release|x86.ActiveCfg = Release|Any CPU
		{238AF7B6-AEB4-4BBC-9D8F-77BF9A997203}.Release|x86.Build.0 = Release|Any CPU
		{238AF7B6-AEB4-4BBC-9D8F-77BF9A997203}.Release|x86.Deploy.0 = Release|Any CPU
		{45C22AD3-0633-4A84-BCA3-4AC35ADF827D}.Debug|Any CPU.ActiveCfg = Debug|iPhoneSimulator
		{45C22AD3-0633-4A84-BCA3-4AC35ADF827D}.Debug|Any CPU.Build.0 = Debug|iPhoneSimulator
		{45C22AD3-0633-4A84-BCA3-4AC35ADF827D}.Debug|Any CPU.Deploy.0 = Debug|iPhoneSimulator
		{45C22AD3-0633-4A84-BCA3-4AC35ADF827D}.Debug|ARM.ActiveCfg = Debug|iPhoneSimulator
		{45C22AD3-0633-4A84-BCA3-4AC35ADF827D}.Debug|ARM.Build.0 = Debug|iPhoneSimulator
		{45C22AD3-0633-4A84-BCA3-4AC35ADF827D}.Debug|ARM.Deploy.0 = Debug|iPhoneSimulator
		{45C22AD3-0633-4A84-BCA3-4AC35ADF827D}.Debug|iPhone.ActiveCfg = Debug|iPhone
		{45C22AD3-0633-4A84-BCA3-4AC35ADF827D}.Debug|iPhone.Build.0 = Debug|iPhone
		{45C22AD3-0633-4A84-BCA3-4AC35ADF827D}.Debug|iPhone.Deploy.0 = Debug|iPhone
		{45C22AD3-0633-4A84-BCA3-4AC35ADF827D}.Debug|iPhoneSimulator.ActiveCfg = Debug|iPhoneSimulator
		{45C22AD3-0633-4A84-BCA3-4AC35ADF827D}.Debug|iPhoneSimulator.Build.0 = Debug|iPhoneSimulator
		{45C22AD3-0633-4A84-BCA3-4AC35ADF827D}.Debug|iPhoneSimulator.Deploy.0 = Debug|iPhoneSimulator
		{45C22AD3-0633-4A84-BCA3-4AC35ADF827D}.Debug|x64.ActiveCfg = Debug|iPhone
		{45C22AD3-0633-4A84-BCA3-4AC35ADF827D}.Debug|x64.Build.0 = Debug|iPhone
		{45C22AD3-0633-4A84-BCA3-4AC35ADF827D}.Debug|x64.Deploy.0 = Debug|iPhone
		{45C22AD3-0633-4A84-BCA3-4AC35ADF827D}.Debug|x86.ActiveCfg = Debug|iPhoneSimulator
		{45C22AD3-0633-4A84-BCA3-4AC35ADF827D}.Debug|x86.Build.0 = Debug|iPhoneSimulator
		{45C22AD3-0633-4A84-BCA3-4AC35ADF827D}.Debug|x86.Deploy.0 = Debug|iPhoneSimulator
		{45C22AD3-0633-4A84-BCA3-4AC35ADF827D}.Release|Any CPU.ActiveCfg = Release|iPhoneSimulator
		{45C22AD3-0633-4A84-BCA3-4AC35ADF827D}.Release|Any CPU.Build.0 = Release|iPhoneSimulator
		{45C22AD3-0633-4A84-BCA3-4AC35ADF827D}.Release|Any CPU.Deploy.0 = Release|iPhoneSimulator
		{45C22AD3-0633-4A84-BCA3-4AC35ADF827D}.Release|ARM.ActiveCfg = Release|iPhoneSimulator
		{45C22AD3-0633-4A84-BCA3-4AC35ADF827D}.Release|ARM.Build.0 = Release|iPhoneSimulator
		{45C22AD3-0633-4A84-BCA3-4AC35ADF827D}.Release|ARM.Deploy.0 = Release|iPhoneSimulator
		{45C22AD3-0633-4A84-BCA3-4AC35ADF827D}.Release|iPhone.ActiveCfg = Release|iPhone
		{45C22AD3-0633-4A84-BCA3-4AC35ADF827D}.Release|iPhone.Build.0 = Release|iPhone
		{45C22AD3-0633-4A84-BCA3-4AC35ADF827D}.Release|iPhone.Deploy.0 = Release|iPhone
		{45C22AD3-0633-4A84-BCA3-4AC35ADF827D}.Release|iPhoneSimulator.ActiveCfg = Release|iPhoneSimulator
		{45C22AD3-0633-4A84-BCA3-4AC35ADF827D}.Release|iPhoneSimulator.Build.0 = Release|iPhoneSimulator
		{45C22AD3-0633-4A84-BCA3-4AC35ADF827D}.Release|iPhoneSimulator.Deploy.0 = Release|iPhoneSimulator
		{45C22AD3-0633-4A84-BCA3-4AC35ADF827D}.Release|x64.ActiveCfg = Release|iPhoneSimulator
		{45C22AD3-0633-4A84-BCA3-4AC35ADF827D}.Release|x64.Build.0 = Release|iPhoneSimulator
		{45C22AD3-0633-4A84-BCA3-4AC35ADF827D}.Release|x64.Deploy.0 = Release|iPhoneSimulator
		{45C22AD3-0633-4A84-BCA3-4AC35ADF827D}.Release|x86.ActiveCfg = Release|iPhoneSimulator
		{45C22AD3-0633-4A84-BCA3-4AC35ADF827D}.Release|x86.Build.0 = Release|iPhoneSimulator
		{45C22AD3-0633-4A84-BCA3-4AC35ADF827D}.Release|x86.Deploy.0 = Release|iPhoneSimulator
		{B55927DE-4488-430E-A654-B5504B80CD5A}.Debug|Any CPU.ActiveCfg = Debug|Any CPU
		{B55927DE-4488-430E-A654-B5504B80CD5A}.Debug|Any CPU.Build.0 = Debug|Any CPU
		{B55927DE-4488-430E-A654-B5504B80CD5A}.Debug|Any CPU.Deploy.0 = Debug|Any CPU
		{B55927DE-4488-430E-A654-B5504B80CD5A}.Debug|ARM.ActiveCfg = Debug|Any CPU
		{B55927DE-4488-430E-A654-B5504B80CD5A}.Debug|ARM.Build.0 = Debug|Any CPU
		{B55927DE-4488-430E-A654-B5504B80CD5A}.Debug|ARM.Deploy.0 = Debug|Any CPU
		{B55927DE-4488-430E-A654-B5504B80CD5A}.Debug|iPhone.ActiveCfg = Debug|Any CPU
		{B55927DE-4488-430E-A654-B5504B80CD5A}.Debug|iPhone.Build.0 = Debug|Any CPU
		{B55927DE-4488-430E-A654-B5504B80CD5A}.Debug|iPhone.Deploy.0 = Debug|Any CPU
		{B55927DE-4488-430E-A654-B5504B80CD5A}.Debug|iPhoneSimulator.ActiveCfg = Debug|Any CPU
		{B55927DE-4488-430E-A654-B5504B80CD5A}.Debug|iPhoneSimulator.Build.0 = Debug|Any CPU
		{B55927DE-4488-430E-A654-B5504B80CD5A}.Debug|iPhoneSimulator.Deploy.0 = Debug|Any CPU
		{B55927DE-4488-430E-A654-B5504B80CD5A}.Debug|x64.ActiveCfg = Debug|Any CPU
		{B55927DE-4488-430E-A654-B5504B80CD5A}.Debug|x64.Build.0 = Debug|Any CPU
		{B55927DE-4488-430E-A654-B5504B80CD5A}.Debug|x64.Deploy.0 = Debug|Any CPU
		{B55927DE-4488-430E-A654-B5504B80CD5A}.Debug|x86.ActiveCfg = Debug|Any CPU
		{B55927DE-4488-430E-A654-B5504B80CD5A}.Debug|x86.Build.0 = Debug|Any CPU
		{B55927DE-4488-430E-A654-B5504B80CD5A}.Debug|x86.Deploy.0 = Debug|Any CPU
		{B55927DE-4488-430E-A654-B5504B80CD5A}.Release|Any CPU.ActiveCfg = Release|Any CPU
		{B55927DE-4488-430E-A654-B5504B80CD5A}.Release|Any CPU.Build.0 = Release|Any CPU
		{B55927DE-4488-430E-A654-B5504B80CD5A}.Release|Any CPU.Deploy.0 = Release|Any CPU
		{B55927DE-4488-430E-A654-B5504B80CD5A}.Release|ARM.ActiveCfg = Release|Any CPU
		{B55927DE-4488-430E-A654-B5504B80CD5A}.Release|ARM.Build.0 = Release|Any CPU
		{B55927DE-4488-430E-A654-B5504B80CD5A}.Release|ARM.Deploy.0 = Release|Any CPU
		{B55927DE-4488-430E-A654-B5504B80CD5A}.Release|iPhone.ActiveCfg = Release|Any CPU
		{B55927DE-4488-430E-A654-B5504B80CD5A}.Release|iPhone.Build.0 = Release|Any CPU
		{B55927DE-4488-430E-A654-B5504B80CD5A}.Release|iPhone.Deploy.0 = Release|Any CPU
		{B55927DE-4488-430E-A654-B5504B80CD5A}.Release|iPhoneSimulator.ActiveCfg = Release|Any CPU
		{B55927DE-4488-430E-A654-B5504B80CD5A}.Release|iPhoneSimulator.Build.0 = Release|Any CPU
		{B55927DE-4488-430E-A654-B5504B80CD5A}.Release|iPhoneSimulator.Deploy.0 = Release|Any CPU
		{B55927DE-4488-430E-A654-B5504B80CD5A}.Release|x64.ActiveCfg = Release|Any CPU
		{B55927DE-4488-430E-A654-B5504B80CD5A}.Release|x64.Build.0 = Release|Any CPU
		{B55927DE-4488-430E-A654-B5504B80CD5A}.Release|x64.Deploy.0 = Release|Any CPU
		{B55927DE-4488-430E-A654-B5504B80CD5A}.Release|x86.ActiveCfg = Release|Any CPU
		{B55927DE-4488-430E-A654-B5504B80CD5A}.Release|x86.Build.0 = Release|Any CPU
		{B55927DE-4488-430E-A654-B5504B80CD5A}.Release|x86.Deploy.0 = Release|Any CPU
		{0FB75C70-813B-4644-A363-FBB4404F15C9}.Debug|Any CPU.ActiveCfg = Debug|Any CPU
		{0FB75C70-813B-4644-A363-FBB4404F15C9}.Debug|Any CPU.Build.0 = Debug|Any CPU
		{0FB75C70-813B-4644-A363-FBB4404F15C9}.Debug|ARM.ActiveCfg = Debug|Any CPU
		{0FB75C70-813B-4644-A363-FBB4404F15C9}.Debug|ARM.Build.0 = Debug|Any CPU
		{0FB75C70-813B-4644-A363-FBB4404F15C9}.Debug|iPhone.ActiveCfg = Debug|Any CPU
		{0FB75C70-813B-4644-A363-FBB4404F15C9}.Debug|iPhone.Build.0 = Debug|Any CPU
		{0FB75C70-813B-4644-A363-FBB4404F15C9}.Debug|iPhoneSimulator.ActiveCfg = Debug|Any CPU
		{0FB75C70-813B-4644-A363-FBB4404F15C9}.Debug|iPhoneSimulator.Build.0 = Debug|Any CPU
		{0FB75C70-813B-4644-A363-FBB4404F15C9}.Debug|x64.ActiveCfg = Debug|Any CPU
		{0FB75C70-813B-4644-A363-FBB4404F15C9}.Debug|x64.Build.0 = Debug|Any CPU
		{0FB75C70-813B-4644-A363-FBB4404F15C9}.Debug|x86.ActiveCfg = Debug|Any CPU
		{0FB75C70-813B-4644-A363-FBB4404F15C9}.Debug|x86.Build.0 = Debug|Any CPU
		{0FB75C70-813B-4644-A363-FBB4404F15C9}.Release|Any CPU.ActiveCfg = Release|Any CPU
		{0FB75C70-813B-4644-A363-FBB4404F15C9}.Release|Any CPU.Build.0 = Release|Any CPU
		{0FB75C70-813B-4644-A363-FBB4404F15C9}.Release|ARM.ActiveCfg = Release|Any CPU
		{0FB75C70-813B-4644-A363-FBB4404F15C9}.Release|ARM.Build.0 = Release|Any CPU
		{0FB75C70-813B-4644-A363-FBB4404F15C9}.Release|iPhone.ActiveCfg = Release|Any CPU
		{0FB75C70-813B-4644-A363-FBB4404F15C9}.Release|iPhone.Build.0 = Release|Any CPU
		{0FB75C70-813B-4644-A363-FBB4404F15C9}.Release|iPhoneSimulator.ActiveCfg = Release|Any CPU
		{0FB75C70-813B-4644-A363-FBB4404F15C9}.Release|iPhoneSimulator.Build.0 = Release|Any CPU
		{0FB75C70-813B-4644-A363-FBB4404F15C9}.Release|x64.ActiveCfg = Release|Any CPU
		{0FB75C70-813B-4644-A363-FBB4404F15C9}.Release|x64.Build.0 = Release|Any CPU
		{0FB75C70-813B-4644-A363-FBB4404F15C9}.Release|x86.ActiveCfg = Release|Any CPU
		{0FB75C70-813B-4644-A363-FBB4404F15C9}.Release|x86.Build.0 = Release|Any CPU
		{A261203E-CD72-4F1F-A08D-D45D3B2FE865}.Debug|Any CPU.ActiveCfg = Debug|Any CPU
		{A261203E-CD72-4F1F-A08D-D45D3B2FE865}.Debug|Any CPU.Build.0 = Debug|Any CPU
		{A261203E-CD72-4F1F-A08D-D45D3B2FE865}.Debug|ARM.ActiveCfg = Debug|Any CPU
		{A261203E-CD72-4F1F-A08D-D45D3B2FE865}.Debug|ARM.Build.0 = Debug|Any CPU
		{A261203E-CD72-4F1F-A08D-D45D3B2FE865}.Debug|iPhone.ActiveCfg = Debug|Any CPU
		{A261203E-CD72-4F1F-A08D-D45D3B2FE865}.Debug|iPhone.Build.0 = Debug|Any CPU
		{A261203E-CD72-4F1F-A08D-D45D3B2FE865}.Debug|iPhoneSimulator.ActiveCfg = Debug|Any CPU
		{A261203E-CD72-4F1F-A08D-D45D3B2FE865}.Debug|iPhoneSimulator.Build.0 = Debug|Any CPU
		{A261203E-CD72-4F1F-A08D-D45D3B2FE865}.Debug|x64.ActiveCfg = Debug|Any CPU
		{A261203E-CD72-4F1F-A08D-D45D3B2FE865}.Debug|x64.Build.0 = Debug|Any CPU
		{A261203E-CD72-4F1F-A08D-D45D3B2FE865}.Debug|x86.ActiveCfg = Debug|Any CPU
		{A261203E-CD72-4F1F-A08D-D45D3B2FE865}.Debug|x86.Build.0 = Debug|Any CPU
		{A261203E-CD72-4F1F-A08D-D45D3B2FE865}.Release|Any CPU.ActiveCfg = Release|Any CPU
		{A261203E-CD72-4F1F-A08D-D45D3B2FE865}.Release|Any CPU.Build.0 = Release|Any CPU
		{A261203E-CD72-4F1F-A08D-D45D3B2FE865}.Release|ARM.ActiveCfg = Release|Any CPU
		{A261203E-CD72-4F1F-A08D-D45D3B2FE865}.Release|ARM.Build.0 = Release|Any CPU
		{A261203E-CD72-4F1F-A08D-D45D3B2FE865}.Release|iPhone.ActiveCfg = Release|Any CPU
		{A261203E-CD72-4F1F-A08D-D45D3B2FE865}.Release|iPhone.Build.0 = Release|Any CPU
		{A261203E-CD72-4F1F-A08D-D45D3B2FE865}.Release|iPhoneSimulator.ActiveCfg = Release|Any CPU
		{A261203E-CD72-4F1F-A08D-D45D3B2FE865}.Release|iPhoneSimulator.Build.0 = Release|Any CPU
		{A261203E-CD72-4F1F-A08D-D45D3B2FE865}.Release|x64.ActiveCfg = Release|Any CPU
		{A261203E-CD72-4F1F-A08D-D45D3B2FE865}.Release|x64.Build.0 = Release|Any CPU
		{A261203E-CD72-4F1F-A08D-D45D3B2FE865}.Release|x86.ActiveCfg = Release|Any CPU
		{A261203E-CD72-4F1F-A08D-D45D3B2FE865}.Release|x86.Build.0 = Release|Any CPU
	EndGlobalSection
	GlobalSection(SolutionProperties) = preSolution
		HideSolutionNode = FALSE
	EndGlobalSection
	GlobalSection(ExtensibilityGlobals) = postSolution
		SolutionGuid = {C72EA3E1-7E60-434B-AEA6-0F0E3AA872D1}
	EndGlobalSection
EndGlobal
